# Generated by pub
# See http://pub.dartlang.org/doc/glossary.html#lockfile
packages:
  browser:
    description: browser
    source: hosted
    version: "0.6.17+2"
  crypto:
    description: crypto
    source: hosted
    version: "0.6.17+2"
  google_mirror_v1_api:
    description:
      ref: null
      resolved-ref: "885f9cc678c37d621408ef30e9f5ba7602b89c05"
      url: "https://github.com/dartglass/dart_mirror_v1_api_client.git"
    source: git
    version: "0.3.0"
  google_oauth2_client:
    description: google_oauth2_client
    source: hosted
    version: "0.2.16"
  google_plus_v1_api:
    description:
      ref: null
      resolved-ref: d9300b6c731ee4ee8876c73077d53419d2cc0b12
      url: "https://github.com/dartglass/dart_plus_v1_api_client.git"
    source: git
    version: "0.3.0"
  http:
    description: http
    source: hosted
    version: "0.6.17+2"
  js:
    description: js
    source: hosted
    version: "0.0.24"
  meta:
    description: meta
    source: hosted
    version: "0.6.17+2"
  oauth2:
    description: oauth2
    source: hosted
    version: "0.6.17+2"
  path:
    description: path
    source: hosted
    version: "0.6.17+2"
